
Microsoft Visual Studio Solution File, Format Version 12.00
# Visual Studio Version 17
VisualStudioVersion = 17.4.33213.308
MinimumVisualStudioVersion = 10.0.40219.1
Project("{FAE04EC0-301F-11D3-BF4B-00C04F79EFBC}") = "Calc", "Calc.csproj", "{0F44B2B0-085F-4360-B254-F78106A2159E}"
EndProject
Global
	GlobalSection(SolutionConfigurationPlatforms) = preSolution
		Debug|Any CPU = Debug|Any CPU
		Release|Any CPU = Release|Any CPU
	EndGlobalSection
	GlobalSection(ProjectConfigurationPlatforms) = postSolution
		{0F44B2B0-085F-4360-B254-F78106A2159E}.Debug|Any CPU.ActiveCfg = Debug|Any CPU
		{0F44B2B0-085F-4360-B254-F78106A2159E}.Debug|Any CPU.Build.0 = Debug|Any CPU
		{0F44B2B0-085F-4360-B254-F78106A2159E}.Release|Any CPU.ActiveCfg = Release|Any CPU
		{0F44B2B0-085F-4360-B254-F78106A2159E}.Release|Any CPU.Build.0 = Release|Any CPU
	EndGlobalSection
	GlobalSection(SolutionProperties) = preSolution
		HideSolutionNode = FALSE
	EndGlobalSection
	GlobalSection(ExtensibilityGlobals) = postSolution
		SolutionGuid = {142629CB-E78E-415E-BD48-6EA49F2ECED0}
	EndGlobalSection
EndGlobal
